<?xml version="1.0" encoding="utf-8"?>
<Project ToolsVersion="4.0" xmlns="http://schemas.microsoft.com/developer/msbuild/2003">
  <ItemGroup>
    <ClCompile Include="test.cpp" />
    <ClCompile Include="pch.cpp" />
    <ClCompile Include="xe_test.cpp" />
  </ItemGroup>
  <ItemGroup>
    <ClInclude Include="pch.h" />
    <ClInclude Include="..\xe_all.h">
      <Filter>xe</Filter>
    </ClInclude>
    <ClInclude Include="..\xe_cmdlist.h">
      <Filter>xe</Filter>
    </ClInclude>
    <ClInclude Include="..\xe_cmdqueue.h">
      <Filter>xe</Filter>
    </ClInclude>
    <ClInclude Include="..\xe_common.h">
      <Filter>xe</Filter>
    </ClInclude>
    <ClInclude Include="..\xe_device.h">
      <Filter>xe</Filter>
    </ClInclude>
    <ClInclude Include="..\xe_driver.h">
      <Filter>xe</Filter>
    </ClInclude>
    <ClInclude Include="..\xe_event.h">
      <Filter>xe</Filter>
    </ClInclude>
    <ClInclude Include="..\xe_memory.h">
      <Filter>xe</Filter>
    </ClInclude>
    <ClInclude Include="..\xe_resource.h">
      <Filter>xe</Filter>
    </ClInclude>
    <ClInclude Include="..\xe_fence.h">
      <Filter>xe</Filter>
    </ClInclude>
    <ClInclude Include="..\xe_semaphore.h">
      <Filter>xe</Filter>
    </ClInclude>
  </ItemGroup>
  <ItemGroup>
    <None Include="packages.config" />
  </ItemGroup>
  <ItemGroup>
    <Filter Include="xe">
      <UniqueIdentifier>{6d3f3cc5-c011-495b-9d17-0ed3dfedced9}</UniqueIdentifier>
    </Filter>
  </ItemGroup>
</Project>